
Microsoft Visual Studio Solution File, Format Version 12.00
# Visual Studio Version 17
VisualStudioVersion = 17.5.33530.505
MinimumVisualStudioVersion = 10.0.40219.1
Project("{2150E333-8FDC-42A3-9474-1A3956D46DE8}") = "src", "src", "{C15ADA74-C8F5-4558-8925-ABC07F233B16}"
EndProject
Project("{2150E333-8FDC-42A3-9474-1A3956D46DE8}") = "tests", "tests", "{ABFB55D8-E2CD-4BC4-8651-69AC923892C2}"
EndProject
Project("{9A19103F-16F7-4668-BE54-9A1E7A4F7556}") = "FeedKitchen.ChefPortal.Test", "tests\FeedKitchen.ChefPortal.Test\FeedKitchen.ChefPortal.Test.csproj", "{5648802C-88BF-449B-A4F4-5DB2621D858F}"
EndProject
Project("{2150E333-8FDC-42A3-9474-1A3956D46DE8}") = ".shared", ".shared", "{248404A0-6D53-4CE7-A76A-6E58D88AE6F5}"
	ProjectSection(SolutionItems) = preProject
		.gitignore = .gitignore
		README.md = README.md
	EndProjectSection
EndProject
Project("{9A19103F-16F7-4668-BE54-9A1E7A4F7556}") = "FeedKitchen.Shared", "src\FeedKitchen.Shared\FeedKitchen.Shared.csproj", "{0F77FB1E-8A59-44E9-A095-4BBD4D9B82AA}"
EndProject
Project("{9A19103F-16F7-4668-BE54-9A1E7A4F7556}") = "FeedKitchen.Repositories", "src\FeedKitchen.Repositories\FeedKitchen.Repositories.csproj", "{EAF4EB97-3FD2-4454-B741-35780917E3AE}"
EndProject
Project("{9A19103F-16F7-4668-BE54-9A1E7A4F7556}") = "FeedKitchen.Doorman", "src\FeedKitchen.Doorman\FeedKitchen.Doorman.csproj", "{F79438D7-115C-4672-8867-66BAD24D57F9}"
EndProject
Project("{2150E333-8FDC-42A3-9474-1A3956D46DE8}") = "sql", "sql", "{EFAD1196-A4A0-4AC3-8A23-9B43237A4BB2}"
EndProject
Project("{00D1A9C2-B5F0-4AF3-8072-F6C62B433612}") = "FeedKitchen.Database", "src\FeedKitchen.Database\FeedKitchen.Database.sqlproj", "{BD49F012-F761-4C8A-B30B-667EB0C880C8}"
EndProject
Project("{9A19103F-16F7-4668-BE54-9A1E7A4F7556}") = "FeedKitchen.ChefPortal", "src\FeedKitchen.ChefPortal\FeedKitchen.ChefPortal.csproj", "{3C06BEB1-A531-41F8-9574-BD5D4AE24749}"
EndProject
Project("{9A19103F-16F7-4668-BE54-9A1E7A4F7556}") = "FeedKitchen.ManagerPortal", "src\FeedKitchen.ManagerPortal\FeedKitchen.ManagerPortal.csproj", "{F52221D1-3C50-44D2-AA20-8EDDCB4AFD5D}"
EndProject
Project("{9A19103F-16F7-4668-BE54-9A1E7A4F7556}") = "FeedKitchen.Services", "src\FeedKitchen.Services\FeedKitchen.Services.csproj", "{95E70AEC-0B5B-4F89-A38D-108DDAB056B4}"
EndProject
Project("{9A19103F-16F7-4668-BE54-9A1E7A4F7556}") = "FeedKitchen.AppHost", "src\FeedKitchen.AppHost\FeedKitchen.AppHost.csproj", "{3A80DBAB-E57B-4CE8-920B-8D1F1022F7DA}"
EndProject
Project("{9A19103F-16F7-4668-BE54-9A1E7A4F7556}") = "FeedKitchen.ServiceDefaults", "src\FeedKitchen.ServiceDefaults\FeedKitchen.ServiceDefaults.csproj", "{174E27D7-C920-44A6-A452-DB4925E9D2AB}"
EndProject
Project("{2150E333-8FDC-42A3-9474-1A3956D46DE8}") = "aspire", "aspire", "{79BA3CFD-D7CA-45AA-BB2C-8007C6B698D5}"
EndProject
Project("{9A19103F-16F7-4668-BE54-9A1E7A4F7556}") = "FeedKitchen.Buyer", "src\FeedKitchen.Buyer\FeedKitchen.Buyer.csproj", "{4AC53A71-346C-4448-8671-DAD54228730E}"
EndProject
Project("{9A19103F-16F7-4668-BE54-9A1E7A4F7556}") = "Feedkitchen.Shared.Tests", "tests\Feedkitchen.Shared.Tests\Feedkitchen.Shared.Tests.csproj", "{4663360C-C8C1-4BDC-9AD8-8AF9CD9F5E5C}"
EndProject
Project("{9A19103F-16F7-4668-BE54-9A1E7A4F7556}") = "FeedKitchen.Buyer.Test", "tests\FeedKitchen.Buyer.Test\FeedKitchen.Buyer.Test.csproj", "{371838AC-FE0A-4289-B442-64096F1373FF}"
EndProject
Project("{9A19103F-16F7-4668-BE54-9A1E7A4F7556}") = "FeedKitchen.Repositories.Tests", "tests\FeedKitchen.Repositories.Tests\FeedKitchen.Repositories.Tests.csproj", "{FA0D7DB3-9D93-494B-B4E8-CBC9E385D1CF}"
EndProject
Project("{9A19103F-16F7-4668-BE54-9A1E7A4F7556}") = "FeedKitchen.Waiter.Test", "tests\FeedKitchen.Waiter.Tests\FeedKitchen.Waiter.Test.csproj", "{769D993F-53E8-492E-8882-38156BCB4791}"
EndProject
Project("{9A19103F-16F7-4668-BE54-9A1E7A4F7556}") = "FeedKitchen.Waiter", "src\FeedKitchen.Waiter\FeedKitchen.Waiter.csproj", "{62D59F5E-B7F4-4D99-9DD9-A56985F0C820}"
EndProject
Project("{9A19103F-16F7-4668-BE54-9A1E7A4F7556}") = "FeedKitchen.Entities", "src\FeedKitchen.Entities\FeedKitchen.Entities.csproj", "{F4A78F4D-5D10-490F-BFDF-7E2619D68675}"
EndProject
Project("{FAE04EC0-301F-11D3-BF4B-00C04F79EFBC}") = "FeedKitchen.BlazorWebDemo", "src\FeedKitchen.BlazorWebDemo\FeedKitchen.BlazorWebDemo.csproj", "{96E3A724-2EE5-4824-B21B-471259DB73B3}"
EndProject
Global
	GlobalSection(SolutionConfigurationPlatforms) = preSolution
		Debug|Any CPU = Debug|Any CPU
		Debug|x64 = Debug|x64
		Debug|x86 = Debug|x86
		Release|Any CPU = Release|Any CPU
		Release|x64 = Release|x64
		Release|x86 = Release|x86
	EndGlobalSection
	GlobalSection(ProjectConfigurationPlatforms) = postSolution
		{5648802C-88BF-449B-A4F4-5DB2621D858F}.Debug|Any CPU.ActiveCfg = Debug|Any CPU
		{5648802C-88BF-449B-A4F4-5DB2621D858F}.Debug|Any CPU.Build.0 = Debug|Any CPU
		{5648802C-88BF-449B-A4F4-5DB2621D858F}.Debug|x64.ActiveCfg = Debug|Any CPU
		{5648802C-88BF-449B-A4F4-5DB2621D858F}.Debug|x64.Build.0 = Debug|Any CPU
		{5648802C-88BF-449B-A4F4-5DB2621D858F}.Debug|x86.ActiveCfg = Debug|Any CPU
		{5648802C-88BF-449B-A4F4-5DB2621D858F}.Debug|x86.Build.0 = Debug|Any CPU
		{5648802C-88BF-449B-A4F4-5DB2621D858F}.Release|Any CPU.ActiveCfg = Release|Any CPU
		{5648802C-88BF-449B-A4F4-5DB2621D858F}.Release|Any CPU.Build.0 = Release|Any CPU
		{5648802C-88BF-449B-A4F4-5DB2621D858F}.Release|x64.ActiveCfg = Release|Any CPU
		{5648802C-88BF-449B-A4F4-5DB2621D858F}.Release|x64.Build.0 = Release|Any CPU
		{5648802C-88BF-449B-A4F4-5DB2621D858F}.Release|x86.ActiveCfg = Release|Any CPU
		{5648802C-88BF-449B-A4F4-5DB2621D858F}.Release|x86.Build.0 = Release|Any CPU
		{0F77FB1E-8A59-44E9-A095-4BBD4D9B82AA}.Debug|Any CPU.ActiveCfg = Debug|Any CPU
		{0F77FB1E-8A59-44E9-A095-4BBD4D9B82AA}.Debug|Any CPU.Build.0 = Debug|Any CPU
		{0F77FB1E-8A59-44E9-A095-4BBD4D9B82AA}.Debug|x64.ActiveCfg = Debug|Any CPU
		{0F77FB1E-8A59-44E9-A095-4BBD4D9B82AA}.Debug|x64.Build.0 = Debug|Any CPU
		{0F77FB1E-8A59-44E9-A095-4BBD4D9B82AA}.Debug|x86.ActiveCfg = Debug|Any CPU
		{0F77FB1E-8A59-44E9-A095-4BBD4D9B82AA}.Debug|x86.Build.0 = Debug|Any CPU
		{0F77FB1E-8A59-44E9-A095-4BBD4D9B82AA}.Release|Any CPU.ActiveCfg = Release|Any CPU
		{0F77FB1E-8A59-44E9-A095-4BBD4D9B82AA}.Release|Any CPU.Build.0 = Release|Any CPU
		{0F77FB1E-8A59-44E9-A095-4BBD4D9B82AA}.Release|x64.ActiveCfg = Release|Any CPU
		{0F77FB1E-8A59-44E9-A095-4BBD4D9B82AA}.Release|x64.Build.0 = Release|Any CPU
		{0F77FB1E-8A59-44E9-A095-4BBD4D9B82AA}.Release|x86.ActiveCfg = Release|Any CPU
		{0F77FB1E-8A59-44E9-A095-4BBD4D9B82AA}.Release|x86.Build.0 = Release|Any CPU
		{EAF4EB97-3FD2-4454-B741-35780917E3AE}.Debug|Any CPU.ActiveCfg = Debug|Any CPU
		{EAF4EB97-3FD2-4454-B741-35780917E3AE}.Debug|Any CPU.Build.0 = Debug|Any CPU
		{EAF4EB97-3FD2-4454-B741-35780917E3AE}.Debug|x64.ActiveCfg = Debug|Any CPU
		{EAF4EB97-3FD2-4454-B741-35780917E3AE}.Debug|x64.Build.0 = Debug|Any CPU
		{EAF4EB97-3FD2-4454-B741-35780917E3AE}.Debug|x86.ActiveCfg = Debug|Any CPU
		{EAF4EB97-3FD2-4454-B741-35780917E3AE}.Debug|x86.Build.0 = Debug|Any CPU
		{EAF4EB97-3FD2-4454-B741-35780917E3AE}.Release|Any CPU.ActiveCfg = Release|Any CPU
		{EAF4EB97-3FD2-4454-B741-35780917E3AE}.Release|Any CPU.Build.0 = Release|Any CPU
		{EAF4EB97-3FD2-4454-B741-35780917E3AE}.Release|x64.ActiveCfg = Release|Any CPU
		{EAF4EB97-3FD2-4454-B741-35780917E3AE}.Release|x64.Build.0 = Release|Any CPU
		{EAF4EB97-3FD2-4454-B741-35780917E3AE}.Release|x86.ActiveCfg = Release|Any CPU
		{EAF4EB97-3FD2-4454-B741-35780917E3AE}.Release|x86.Build.0 = Release|Any CPU
		{F79438D7-115C-4672-8867-66BAD24D57F9}.Debug|Any CPU.ActiveCfg = Debug|Any CPU
		{F79438D7-115C-4672-8867-66BAD24D57F9}.Debug|Any CPU.Build.0 = Debug|Any CPU
		{F79438D7-115C-4672-8867-66BAD24D57F9}.Debug|x64.ActiveCfg = Debug|Any CPU
		{F79438D7-115C-4672-8867-66BAD24D57F9}.Debug|x64.Build.0 = Debug|Any CPU
		{F79438D7-115C-4672-8867-66BAD24D57F9}.Debug|x86.ActiveCfg = Debug|Any CPU
		{F79438D7-115C-4672-8867-66BAD24D57F9}.Debug|x86.Build.0 = Debug|Any CPU
		{F79438D7-115C-4672-8867-66BAD24D57F9}.Release|Any CPU.ActiveCfg = Release|Any CPU
		{F79438D7-115C-4672-8867-66BAD24D57F9}.Release|Any CPU.Build.0 = Release|Any CPU
		{F79438D7-115C-4672-8867-66BAD24D57F9}.Release|x64.ActiveCfg = Release|Any CPU
		{F79438D7-115C-4672-8867-66BAD24D57F9}.Release|x64.Build.0 = Release|Any CPU
		{F79438D7-115C-4672-8867-66BAD24D57F9}.Release|x86.ActiveCfg = Release|Any CPU
		{F79438D7-115C-4672-8867-66BAD24D57F9}.Release|x86.Build.0 = Release|Any CPU
		{BD49F012-F761-4C8A-B30B-667EB0C880C8}.Debug|Any CPU.ActiveCfg = Debug|Any CPU
		{BD49F012-F761-4C8A-B30B-667EB0C880C8}.Debug|Any CPU.Deploy.0 = Debug|Any CPU
		{BD49F012-F761-4C8A-B30B-667EB0C880C8}.Debug|x64.ActiveCfg = Debug|Any CPU
		{BD49F012-F761-4C8A-B30B-667EB0C880C8}.Debug|x64.Build.0 = Debug|Any CPU
		{BD49F012-F761-4C8A-B30B-667EB0C880C8}.Debug|x64.Deploy.0 = Debug|Any CPU
		{BD49F012-F761-4C8A-B30B-667EB0C880C8}.Debug|x86.ActiveCfg = Debug|Any CPU
		{BD49F012-F761-4C8A-B30B-667EB0C880C8}.Debug|x86.Build.0 = Debug|Any CPU
		{BD49F012-F761-4C8A-B30B-667EB0C880C8}.Debug|x86.Deploy.0 = Debug|Any CPU
		{BD49F012-F761-4C8A-B30B-667EB0C880C8}.Release|Any CPU.ActiveCfg = Release|Any CPU
		{BD49F012-F761-4C8A-B30B-667EB0C880C8}.Release|Any CPU.Build.0 = Release|Any CPU
		{BD49F012-F761-4C8A-B30B-667EB0C880C8}.Release|Any CPU.Deploy.0 = Release|Any CPU
		{BD49F012-F761-4C8A-B30B-667EB0C880C8}.Release|x64.ActiveCfg = Release|Any CPU
		{BD49F012-F761-4C8A-B30B-667EB0C880C8}.Release|x64.Build.0 = Release|Any CPU
		{BD49F012-F761-4C8A-B30B-667EB0C880C8}.Release|x64.Deploy.0 = Release|Any CPU
		{BD49F012-F761-4C8A-B30B-667EB0C880C8}.Release|x86.ActiveCfg = Release|Any CPU
		{BD49F012-F761-4C8A-B30B-667EB0C880C8}.Release|x86.Build.0 = Release|Any CPU
		{BD49F012-F761-4C8A-B30B-667EB0C880C8}.Release|x86.Deploy.0 = Release|Any CPU
		{3C06BEB1-A531-41F8-9574-BD5D4AE24749}.Debug|Any CPU.ActiveCfg = Debug|Any CPU
		{3C06BEB1-A531-41F8-9574-BD5D4AE24749}.Debug|Any CPU.Build.0 = Debug|Any CPU
		{3C06BEB1-A531-41F8-9574-BD5D4AE24749}.Debug|x64.ActiveCfg = Debug|Any CPU
		{3C06BEB1-A531-41F8-9574-BD5D4AE24749}.Debug|x64.Build.0 = Debug|Any CPU
		{3C06BEB1-A531-41F8-9574-BD5D4AE24749}.Debug|x86.ActiveCfg = Debug|Any CPU
		{3C06BEB1-A531-41F8-9574-BD5D4AE24749}.Debug|x86.Build.0 = Debug|Any CPU
		{3C06BEB1-A531-41F8-9574-BD5D4AE24749}.Release|Any CPU.ActiveCfg = Release|Any CPU
		{3C06BEB1-A531-41F8-9574-BD5D4AE24749}.Release|Any CPU.Build.0 = Release|Any CPU
		{3C06BEB1-A531-41F8-9574-BD5D4AE24749}.Release|x64.ActiveCfg = Release|Any CPU
		{3C06BEB1-A531-41F8-9574-BD5D4AE24749}.Release|x64.Build.0 = Release|Any CPU
		{3C06BEB1-A531-41F8-9574-BD5D4AE24749}.Release|x86.ActiveCfg = Release|Any CPU
		{3C06BEB1-A531-41F8-9574-BD5D4AE24749}.Release|x86.Build.0 = Release|Any CPU
		{F52221D1-3C50-44D2-AA20-8EDDCB4AFD5D}.Debug|Any CPU.ActiveCfg = Debug|Any CPU
		{F52221D1-3C50-44D2-AA20-8EDDCB4AFD5D}.Debug|Any CPU.Build.0 = Debug|Any CPU
		{F52221D1-3C50-44D2-AA20-8EDDCB4AFD5D}.Debug|x64.ActiveCfg = Debug|Any CPU
		{F52221D1-3C50-44D2-AA20-8EDDCB4AFD5D}.Debug|x64.Build.0 = Debug|Any CPU
		{F52221D1-3C50-44D2-AA20-8EDDCB4AFD5D}.Debug|x86.ActiveCfg = Debug|Any CPU
		{F52221D1-3C50-44D2-AA20-8EDDCB4AFD5D}.Debug|x86.Build.0 = Debug|Any CPU
		{F52221D1-3C50-44D2-AA20-8EDDCB4AFD5D}.Release|Any CPU.ActiveCfg = Release|Any CPU
		{F52221D1-3C50-44D2-AA20-8EDDCB4AFD5D}.Release|Any CPU.Build.0 = Release|Any CPU
		{F52221D1-3C50-44D2-AA20-8EDDCB4AFD5D}.Release|x64.ActiveCfg = Release|Any CPU
		{F52221D1-3C50-44D2-AA20-8EDDCB4AFD5D}.Release|x64.Build.0 = Release|Any CPU
		{F52221D1-3C50-44D2-AA20-8EDDCB4AFD5D}.Release|x86.ActiveCfg = Release|Any CPU
		{F52221D1-3C50-44D2-AA20-8EDDCB4AFD5D}.Release|x86.Build.0 = Release|Any CPU
		{95E70AEC-0B5B-4F89-A38D-108DDAB056B4}.Debug|Any CPU.ActiveCfg = Debug|Any CPU
		{95E70AEC-0B5B-4F89-A38D-108DDAB056B4}.Debug|Any CPU.Build.0 = Debug|Any CPU
		{95E70AEC-0B5B-4F89-A38D-108DDAB056B4}.Debug|x64.ActiveCfg = Debug|Any CPU
		{95E70AEC-0B5B-4F89-A38D-108DDAB056B4}.Debug|x64.Build.0 = Debug|Any CPU
		{95E70AEC-0B5B-4F89-A38D-108DDAB056B4}.Debug|x86.ActiveCfg = Debug|Any CPU
		{95E70AEC-0B5B-4F89-A38D-108DDAB056B4}.Debug|x86.Build.0 = Debug|Any CPU
		{95E70AEC-0B5B-4F89-A38D-108DDAB056B4}.Release|Any CPU.ActiveCfg = Release|Any CPU
		{95E70AEC-0B5B-4F89-A38D-108DDAB056B4}.Release|Any CPU.Build.0 = Release|Any CPU
		{95E70AEC-0B5B-4F89-A38D-108DDAB056B4}.Release|x64.ActiveCfg = Release|Any CPU
		{95E70AEC-0B5B-4F89-A38D-108DDAB056B4}.Release|x64.Build.0 = Release|Any CPU
		{95E70AEC-0B5B-4F89-A38D-108DDAB056B4}.Release|x86.ActiveCfg = Release|Any CPU
		{95E70AEC-0B5B-4F89-A38D-108DDAB056B4}.Release|x86.Build.0 = Release|Any CPU
		{3A80DBAB-E57B-4CE8-920B-8D1F1022F7DA}.Debug|Any CPU.ActiveCfg = Debug|Any CPU
		{3A80DBAB-E57B-4CE8-920B-8D1F1022F7DA}.Debug|Any CPU.Build.0 = Debug|Any CPU
		{3A80DBAB-E57B-4CE8-920B-8D1F1022F7DA}.Debug|x64.ActiveCfg = Debug|Any CPU
		{3A80DBAB-E57B-4CE8-920B-8D1F1022F7DA}.Debug|x64.Build.0 = Debug|Any CPU
		{3A80DBAB-E57B-4CE8-920B-8D1F1022F7DA}.Debug|x86.ActiveCfg = Debug|Any CPU
		{3A80DBAB-E57B-4CE8-920B-8D1F1022F7DA}.Debug|x86.Build.0 = Debug|Any CPU
		{3A80DBAB-E57B-4CE8-920B-8D1F1022F7DA}.Release|Any CPU.ActiveCfg = Release|Any CPU
		{3A80DBAB-E57B-4CE8-920B-8D1F1022F7DA}.Release|Any CPU.Build.0 = Release|Any CPU
		{3A80DBAB-E57B-4CE8-920B-8D1F1022F7DA}.Release|x64.ActiveCfg = Release|Any CPU
		{3A80DBAB-E57B-4CE8-920B-8D1F1022F7DA}.Release|x64.Build.0 = Release|Any CPU
		{3A80DBAB-E57B-4CE8-920B-8D1F1022F7DA}.Release|x86.ActiveCfg = Release|Any CPU
		{3A80DBAB-E57B-4CE8-920B-8D1F1022F7DA}.Release|x86.Build.0 = Release|Any CPU
		{174E27D7-C920-44A6-A452-DB4925E9D2AB}.Debug|Any CPU.ActiveCfg = Debug|Any CPU
		{174E27D7-C920-44A6-A452-DB4925E9D2AB}.Debug|Any CPU.Build.0 = Debug|Any CPU
		{174E27D7-C920-44A6-A452-DB4925E9D2AB}.Debug|x64.ActiveCfg = Debug|Any CPU
		{174E27D7-C920-44A6-A452-DB4925E9D2AB}.Debug|x64.Build.0 = Debug|Any CPU
		{174E27D7-C920-44A6-A452-DB4925E9D2AB}.Debug|x86.ActiveCfg = Debug|Any CPU
		{174E27D7-C920-44A6-A452-DB4925E9D2AB}.Debug|x86.Build.0 = Debug|Any CPU
		{174E27D7-C920-44A6-A452-DB4925E9D2AB}.Release|Any CPU.ActiveCfg = Release|Any CPU
		{174E27D7-C920-44A6-A452-DB4925E9D2AB}.Release|Any CPU.Build.0 = Release|Any CPU
		{174E27D7-C920-44A6-A452-DB4925E9D2AB}.Release|x64.ActiveCfg = Release|Any CPU
		{174E27D7-C920-44A6-A452-DB4925E9D2AB}.Release|x64.Build.0 = Release|Any CPU
		{174E27D7-C920-44A6-A452-DB4925E9D2AB}.Release|x86.ActiveCfg = Release|Any CPU
		{174E27D7-C920-44A6-A452-DB4925E9D2AB}.Release|x86.Build.0 = Release|Any CPU
		{4AC53A71-346C-4448-8671-DAD54228730E}.Debug|Any CPU.ActiveCfg = Debug|Any CPU
		{4AC53A71-346C-4448-8671-DAD54228730E}.Debug|Any CPU.Build.0 = Debug|Any CPU
		{4AC53A71-346C-4448-8671-DAD54228730E}.Debug|x64.ActiveCfg = Debug|Any CPU
		{4AC53A71-346C-4448-8671-DAD54228730E}.Debug|x64.Build.0 = Debug|Any CPU
		{4AC53A71-346C-4448-8671-DAD54228730E}.Debug|x86.ActiveCfg = Debug|Any CPU
		{4AC53A71-346C-4448-8671-DAD54228730E}.Debug|x86.Build.0 = Debug|Any CPU
		{4AC53A71-346C-4448-8671-DAD54228730E}.Release|Any CPU.ActiveCfg = Release|Any CPU
		{4AC53A71-346C-4448-8671-DAD54228730E}.Release|Any CPU.Build.0 = Release|Any CPU
		{4AC53A71-346C-4448-8671-DAD54228730E}.Release|x64.ActiveCfg = Release|Any CPU
		{4AC53A71-346C-4448-8671-DAD54228730E}.Release|x64.Build.0 = Release|Any CPU
		{4AC53A71-346C-4448-8671-DAD54228730E}.Release|x86.ActiveCfg = Release|Any CPU
		{4AC53A71-346C-4448-8671-DAD54228730E}.Release|x86.Build.0 = Release|Any CPU
		{4663360C-C8C1-4BDC-9AD8-8AF9CD9F5E5C}.Debug|Any CPU.ActiveCfg = Debug|Any CPU
		{4663360C-C8C1-4BDC-9AD8-8AF9CD9F5E5C}.Debug|Any CPU.Build.0 = Debug|Any CPU
		{4663360C-C8C1-4BDC-9AD8-8AF9CD9F5E5C}.Debug|x64.ActiveCfg = Debug|Any CPU
		{4663360C-C8C1-4BDC-9AD8-8AF9CD9F5E5C}.Debug|x64.Build.0 = Debug|Any CPU
		{4663360C-C8C1-4BDC-9AD8-8AF9CD9F5E5C}.Debug|x86.ActiveCfg = Debug|Any CPU
		{4663360C-C8C1-4BDC-9AD8-8AF9CD9F5E5C}.Debug|x86.Build.0 = Debug|Any CPU
		{4663360C-C8C1-4BDC-9AD8-8AF9CD9F5E5C}.Release|Any CPU.ActiveCfg = Release|Any CPU
		{4663360C-C8C1-4BDC-9AD8-8AF9CD9F5E5C}.Release|Any CPU.Build.0 = Release|Any CPU
		{4663360C-C8C1-4BDC-9AD8-8AF9CD9F5E5C}.Release|x64.ActiveCfg = Release|Any CPU
		{4663360C-C8C1-4BDC-9AD8-8AF9CD9F5E5C}.Release|x64.Build.0 = Release|Any CPU
		{4663360C-C8C1-4BDC-9AD8-8AF9CD9F5E5C}.Release|x86.ActiveCfg = Release|Any CPU
		{4663360C-C8C1-4BDC-9AD8-8AF9CD9F5E5C}.Release|x86.Build.0 = Release|Any CPU
		{371838AC-FE0A-4289-B442-64096F1373FF}.Debug|Any CPU.ActiveCfg = Debug|Any CPU
		{371838AC-FE0A-4289-B442-64096F1373FF}.Debug|Any CPU.Build.0 = Debug|Any CPU
		{371838AC-FE0A-4289-B442-64096F1373FF}.Debug|x64.ActiveCfg = Debug|Any CPU
		{371838AC-FE0A-4289-B442-64096F1373FF}.Debug|x64.Build.0 = Debug|Any CPU
		{371838AC-FE0A-4289-B442-64096F1373FF}.Debug|x86.ActiveCfg = Debug|Any CPU
		{371838AC-FE0A-4289-B442-64096F1373FF}.Debug|x86.Build.0 = Debug|Any CPU
		{371838AC-FE0A-4289-B442-64096F1373FF}.Release|Any CPU.ActiveCfg = Release|Any CPU
		{371838AC-FE0A-4289-B442-64096F1373FF}.Release|Any CPU.Build.0 = Release|Any CPU
		{371838AC-FE0A-4289-B442-64096F1373FF}.Release|x64.ActiveCfg = Release|Any CPU
		{371838AC-FE0A-4289-B442-64096F1373FF}.Release|x64.Build.0 = Release|Any CPU
		{371838AC-FE0A-4289-B442-64096F1373FF}.Release|x86.ActiveCfg = Release|Any CPU
		{371838AC-FE0A-4289-B442-64096F1373FF}.Release|x86.Build.0 = Release|Any CPU
		{FA0D7DB3-9D93-494B-B4E8-CBC9E385D1CF}.Debug|Any CPU.ActiveCfg = Debug|Any CPU
		{FA0D7DB3-9D93-494B-B4E8-CBC9E385D1CF}.Debug|Any CPU.Build.0 = Debug|Any CPU
		{FA0D7DB3-9D93-494B-B4E8-CBC9E385D1CF}.Debug|x64.ActiveCfg = Debug|Any CPU
		{FA0D7DB3-9D93-494B-B4E8-CBC9E385D1CF}.Debug|x64.Build.0 = Debug|Any CPU
		{FA0D7DB3-9D93-494B-B4E8-CBC9E385D1CF}.Debug|x86.ActiveCfg = Debug|Any CPU
		{FA0D7DB3-9D93-494B-B4E8-CBC9E385D1CF}.Debug|x86.Build.0 = Debug|Any CPU
		{FA0D7DB3-9D93-494B-B4E8-CBC9E385D1CF}.Release|Any CPU.ActiveCfg = Release|Any CPU
		{FA0D7DB3-9D93-494B-B4E8-CBC9E385D1CF}.Release|Any CPU.Build.0 = Release|Any CPU
		{FA0D7DB3-9D93-494B-B4E8-CBC9E385D1CF}.Release|x64.ActiveCfg = Release|Any CPU
		{FA0D7DB3-9D93-494B-B4E8-CBC9E385D1CF}.Release|x64.Build.0 = Release|Any CPU
		{FA0D7DB3-9D93-494B-B4E8-CBC9E385D1CF}.Release|x86.ActiveCfg = Release|Any CPU
		{FA0D7DB3-9D93-494B-B4E8-CBC9E385D1CF}.Release|x86.Build.0 = Release|Any CPU
		{769D993F-53E8-492E-8882-38156BCB4791}.Debug|Any CPU.ActiveCfg = Debug|Any CPU
		{769D993F-53E8-492E-8882-38156BCB4791}.Debug|Any CPU.Build.0 = Debug|Any CPU
		{769D993F-53E8-492E-8882-38156BCB4791}.Debug|x64.ActiveCfg = Debug|Any CPU
		{769D993F-53E8-492E-8882-38156BCB4791}.Debug|x64.Build.0 = Debug|Any CPU
		{769D993F-53E8-492E-8882-38156BCB4791}.Debug|x86.ActiveCfg = Debug|Any CPU
		{769D993F-53E8-492E-8882-38156BCB4791}.Debug|x86.Build.0 = Debug|Any CPU
		{769D993F-53E8-492E-8882-38156BCB4791}.Release|Any CPU.ActiveCfg = Release|Any CPU
		{769D993F-53E8-492E-8882-38156BCB4791}.Release|Any CPU.Build.0 = Release|Any CPU
		{769D993F-53E8-492E-8882-38156BCB4791}.Release|x64.ActiveCfg = Release|Any CPU
		{769D993F-53E8-492E-8882-38156BCB4791}.Release|x64.Build.0 = Release|Any CPU
		{769D993F-53E8-492E-8882-38156BCB4791}.Release|x86.ActiveCfg = Release|Any CPU
		{769D993F-53E8-492E-8882-38156BCB4791}.Release|x86.Build.0 = Release|Any CPU
		{62D59F5E-B7F4-4D99-9DD9-A56985F0C820}.Debug|Any CPU.ActiveCfg = Debug|Any CPU
		{62D59F5E-B7F4-4D99-9DD9-A56985F0C820}.Debug|Any CPU.Build.0 = Debug|Any CPU
		{62D59F5E-B7F4-4D99-9DD9-A56985F0C820}.Debug|x64.ActiveCfg = Debug|Any CPU
		{62D59F5E-B7F4-4D99-9DD9-A56985F0C820}.Debug|x64.Build.0 = Debug|Any CPU
		{62D59F5E-B7F4-4D99-9DD9-A56985F0C820}.Debug|x86.ActiveCfg = Debug|Any CPU
		{62D59F5E-B7F4-4D99-9DD9-A56985F0C820}.Debug|x86.Build.0 = Debug|Any CPU
		{62D59F5E-B7F4-4D99-9DD9-A56985F0C820}.Release|Any CPU.ActiveCfg = Release|Any CPU
		{62D59F5E-B7F4-4D99-9DD9-A56985F0C820}.Release|Any CPU.Build.0 = Release|Any CPU
		{62D59F5E-B7F4-4D99-9DD9-A56985F0C820}.Release|x64.ActiveCfg = Release|Any CPU
		{62D59F5E-B7F4-4D99-9DD9-A56985F0C820}.Release|x64.Build.0 = Release|Any CPU
		{62D59F5E-B7F4-4D99-9DD9-A56985F0C820}.Release|x86.ActiveCfg = Release|Any CPU
		{62D59F5E-B7F4-4D99-9DD9-A56985F0C820}.Release|x86.Build.0 = Release|Any CPU
		{F4A78F4D-5D10-490F-BFDF-7E2619D68675}.Debug|Any CPU.ActiveCfg = Debug|Any CPU
		{F4A78F4D-5D10-490F-BFDF-7E2619D68675}.Debug|Any CPU.Build.0 = Debug|Any CPU
		{F4A78F4D-5D10-490F-BFDF-7E2619D68675}.Debug|x64.ActiveCfg = Debug|Any CPU
		{F4A78F4D-5D10-490F-BFDF-7E2619D68675}.Debug|x64.Build.0 = Debug|Any CPU
		{F4A78F4D-5D10-490F-BFDF-7E2619D68675}.Debug|x86.ActiveCfg = Debug|Any CPU
		{F4A78F4D-5D10-490F-BFDF-7E2619D68675}.Debug|x86.Build.0 = Debug|Any CPU
		{F4A78F4D-5D10-490F-BFDF-7E2619D68675}.Release|Any CPU.ActiveCfg = Release|Any CPU
		{F4A78F4D-5D10-490F-BFDF-7E2619D68675}.Release|Any CPU.Build.0 = Release|Any CPU
		{F4A78F4D-5D10-490F-BFDF-7E2619D68675}.Release|x64.ActiveCfg = Release|Any CPU
		{F4A78F4D-5D10-490F-BFDF-7E2619D68675}.Release|x64.Build.0 = Release|Any CPU
		{F4A78F4D-5D10-490F-BFDF-7E2619D68675}.Release|x86.ActiveCfg = Release|Any CPU
		{F4A78F4D-5D10-490F-BFDF-7E2619D68675}.Release|x86.Build.0 = Release|Any CPU
		{96E3A724-2EE5-4824-B21B-471259DB73B3}.Debug|Any CPU.ActiveCfg = Debug|Any CPU
		{96E3A724-2EE5-4824-B21B-471259DB73B3}.Debug|Any CPU.Build.0 = Debug|Any CPU
		{96E3A724-2EE5-4824-B21B-471259DB73B3}.Debug|x64.ActiveCfg = Debug|Any CPU
		{96E3A724-2EE5-4824-B21B-471259DB73B3}.Debug|x64.Build.0 = Debug|Any CPU
		{96E3A724-2EE5-4824-B21B-471259DB73B3}.Debug|x86.ActiveCfg = Debug|Any CPU
		{96E3A724-2EE5-4824-B21B-471259DB73B3}.Debug|x86.Build.0 = Debug|Any CPU
		{96E3A724-2EE5-4824-B21B-471259DB73B3}.Release|Any CPU.ActiveCfg = Release|Any CPU
		{96E3A724-2EE5-4824-B21B-471259DB73B3}.Release|Any CPU.Build.0 = Release|Any CPU
		{96E3A724-2EE5-4824-B21B-471259DB73B3}.Release|x64.ActiveCfg = Release|Any CPU
		{96E3A724-2EE5-4824-B21B-471259DB73B3}.Release|x64.Build.0 = Release|Any CPU
		{96E3A724-2EE5-4824-B21B-471259DB73B3}.Release|x86.ActiveCfg = Release|Any CPU
		{96E3A724-2EE5-4824-B21B-471259DB73B3}.Release|x86.Build.0 = Release|Any CPU
	EndGlobalSection
	GlobalSection(SolutionProperties) = preSolution
		HideSolutionNode = FALSE
	EndGlobalSection
	GlobalSection(NestedProjects) = preSolution
		{5648802C-88BF-449B-A4F4-5DB2621D858F} = {ABFB55D8-E2CD-4BC4-8651-69AC923892C2}
		{0F77FB1E-8A59-44E9-A095-4BBD4D9B82AA} = {C15ADA74-C8F5-4558-8925-ABC07F233B16}
		{EAF4EB97-3FD2-4454-B741-35780917E3AE} = {C15ADA74-C8F5-4558-8925-ABC07F233B16}
		{F79438D7-115C-4672-8867-66BAD24D57F9} = {C15ADA74-C8F5-4558-8925-ABC07F233B16}
		{BD49F012-F761-4C8A-B30B-667EB0C880C8} = {EFAD1196-A4A0-4AC3-8A23-9B43237A4BB2}
		{3C06BEB1-A531-41F8-9574-BD5D4AE24749} = {C15ADA74-C8F5-4558-8925-ABC07F233B16}
		{F52221D1-3C50-44D2-AA20-8EDDCB4AFD5D} = {C15ADA74-C8F5-4558-8925-ABC07F233B16}
		{95E70AEC-0B5B-4F89-A38D-108DDAB056B4} = {C15ADA74-C8F5-4558-8925-ABC07F233B16}
		{3A80DBAB-E57B-4CE8-920B-8D1F1022F7DA} = {79BA3CFD-D7CA-45AA-BB2C-8007C6B698D5}
		{174E27D7-C920-44A6-A452-DB4925E9D2AB} = {79BA3CFD-D7CA-45AA-BB2C-8007C6B698D5}
		{4AC53A71-346C-4448-8671-DAD54228730E} = {C15ADA74-C8F5-4558-8925-ABC07F233B16}
		{4663360C-C8C1-4BDC-9AD8-8AF9CD9F5E5C} = {ABFB55D8-E2CD-4BC4-8651-69AC923892C2}
		{371838AC-FE0A-4289-B442-64096F1373FF} = {ABFB55D8-E2CD-4BC4-8651-69AC923892C2}
		{FA0D7DB3-9D93-494B-B4E8-CBC9E385D1CF} = {ABFB55D8-E2CD-4BC4-8651-69AC923892C2}
		{769D993F-53E8-492E-8882-38156BCB4791} = {ABFB55D8-E2CD-4BC4-8651-69AC923892C2}
		{62D59F5E-B7F4-4D99-9DD9-A56985F0C820} = {C15ADA74-C8F5-4558-8925-ABC07F233B16}
		{F4A78F4D-5D10-490F-BFDF-7E2619D68675} = {C15ADA74-C8F5-4558-8925-ABC07F233B16}
		{96E3A724-2EE5-4824-B21B-471259DB73B3} = {C15ADA74-C8F5-4558-8925-ABC07F233B16}
	EndGlobalSection
	GlobalSection(ExtensibilityGlobals) = postSolution
		SolutionGuid = {5B022EB5-A161-4197-AE5C-9759AECEB686}
	EndGlobalSection
EndGlobal
