
Microsoft Visual Studio Solution File, Format Version 12.00
# Visual Studio Version 17
VisualStudioVersion = 17.5.33530.505
MinimumVisualStudioVersion = 10.0.40219.1
Project("{2150E333-8FDC-42A3-9474-1A3956D46DE8}") = "src", "src", "{C15ADA74-C8F5-4558-8925-ABC07F233B16}"
EndProject
Project("{2150E333-8FDC-42A3-9474-1A3956D46DE8}") = "tests", "tests", "{ABFB55D8-E2CD-4BC4-8651-69AC923892C2}"
EndProject
Project("{9A19103F-16F7-4668-BE54-9A1E7A4F7556}") = "FeedKitchen.MenuWaiter.Test", "tests\FeedKitchen.MenuWaiter.Test\FeedKitchen.MenuWaiter.Test.csproj", "{A6328BA9-40CF-4749-9E6E-EAFBB888A0B3}"
EndProject
Project("{9A19103F-16F7-4668-BE54-9A1E7A4F7556}") = "FeedKitchen.IngredientsBuyer.Test", "tests\FeedKitchen.IngredientsBuyer.Test\FeedKitchen.IngredientsBuyer.Test.csproj", "{AF1BD770-C214-499C-8647-5E3DA019B48F}"
EndProject
Project("{9A19103F-16F7-4668-BE54-9A1E7A4F7556}") = "FeedKitchen.CookPortal.Test", "tests\FeedKitchen.CookPortal.Test\FeedKitchen.CookPortal.Test.csproj", "{5E834626-57D6-4DC2-8192-5E7E52AF0F33}"
EndProject
Project("{9A19103F-16F7-4668-BE54-9A1E7A4F7556}") = "FeedKitchen.ChefPortal.Test", "tests\FeedKitchen.ChefPortal.Test\FeedKitchen.ChefPortal.Test.csproj", "{5648802C-88BF-449B-A4F4-5DB2621D858F}"
EndProject
Project("{9A19103F-16F7-4668-BE54-9A1E7A4F7556}") = "FeedKitchen.Infrastructure.Test", "tests\FeedKitchen.Infrastructure.Test\FeedKitchen.Infrastructure.Test.csproj", "{5E5C1BED-E884-4D39-BD61-1A260E68C776}"
EndProject
Project("{2150E333-8FDC-42A3-9474-1A3956D46DE8}") = ".shared", ".shared", "{248404A0-6D53-4CE7-A76A-6E58D88AE6F5}"
	ProjectSection(SolutionItems) = preProject
		.gitignore = .gitignore
		README.md = README.md
	EndProjectSection
EndProject
Project("{9A19103F-16F7-4668-BE54-9A1E7A4F7556}") = "FeedKitchen.Shared", "src\FeedKitchen.Shared\FeedKitchen.Shared.csproj", "{0F77FB1E-8A59-44E9-A095-4BBD4D9B82AA}"
EndProject
Project("{9A19103F-16F7-4668-BE54-9A1E7A4F7556}") = "FeedKitchen.Repositories", "src\FeedKitchen.Repositories\FeedKitchen.Repositories.csproj", "{EAF4EB97-3FD2-4454-B741-35780917E3AE}"
EndProject
Project("{9A19103F-16F7-4668-BE54-9A1E7A4F7556}") = "FeedKitchen.Doorman", "src\FeedKitchen.Doorman\FeedKitchen.Doorman.csproj", "{F79438D7-115C-4672-8867-66BAD24D57F9}"
EndProject
Project("{2150E333-8FDC-42A3-9474-1A3956D46DE8}") = "sql", "sql", "{EFAD1196-A4A0-4AC3-8A23-9B43237A4BB2}"
EndProject
Project("{00D1A9C2-B5F0-4AF3-8072-F6C62B433612}") = "FeedKitchen.Database", "src\FeedKitchen.Database\FeedKitchen.Database.sqlproj", "{BD49F012-F761-4C8A-B30B-667EB0C880C8}"
EndProject
Project("{9A19103F-16F7-4668-BE54-9A1E7A4F7556}") = "FeedKitchen.ChefPortal", "src\FeedKitchen.ChefPortal\FeedKitchen.ChefPortal.csproj", "{3C06BEB1-A531-41F8-9574-BD5D4AE24749}"
EndProject
Project("{9A19103F-16F7-4668-BE54-9A1E7A4F7556}") = "FeedKitchen.ManagerPortal", "src\FeedKitchen.ManagerPortal\FeedKitchen.ManagerPortal.csproj", "{F52221D1-3C50-44D2-AA20-8EDDCB4AFD5D}"
EndProject
Project("{9A19103F-16F7-4668-BE54-9A1E7A4F7556}") = "FeedKitchen.WaiterApp", "src\FeedKitchen.WaiterApp\FeedKitchen.WaiterApp.csproj", "{8E3C820E-F7A2-4BD5-8AA2-1A577CF948EA}"
EndProject
Project("{9A19103F-16F7-4668-BE54-9A1E7A4F7556}") = "FeedKitchen.Services", "src\FeedKitchen.Services\FeedKitchen.Services.csproj", "{95E70AEC-0B5B-4F89-A38D-108DDAB056B4}"
EndProject
Project("{9A19103F-16F7-4668-BE54-9A1E7A4F7556}") = "FeedKitchen.AppHost", "src\FeedKitchen.AppHost\FeedKitchen.AppHost.csproj", "{3A80DBAB-E57B-4CE8-920B-8D1F1022F7DA}"
EndProject
Project("{9A19103F-16F7-4668-BE54-9A1E7A4F7556}") = "FeedKitchen.ServiceDefaults", "src\FeedKitchen.ServiceDefaults\FeedKitchen.ServiceDefaults.csproj", "{174E27D7-C920-44A6-A452-DB4925E9D2AB}"
EndProject
Project("{2150E333-8FDC-42A3-9474-1A3956D46DE8}") = "aspire", "aspire", "{79BA3CFD-D7CA-45AA-BB2C-8007C6B698D5}"
EndProject
Project("{9A19103F-16F7-4668-BE54-9A1E7A4F7556}") = "FeedKitchen.Buyer", "src\FeedKitchen.Buyer\FeedKitchen.Buyer.csproj", "{4AC53A71-346C-4448-8671-DAD54228730E}"
EndProject
Global
	GlobalSection(SolutionConfigurationPlatforms) = preSolution
		Debug|Any CPU = Debug|Any CPU
		Debug|x64 = Debug|x64
		Debug|x86 = Debug|x86
		Release|Any CPU = Release|Any CPU
		Release|x64 = Release|x64
		Release|x86 = Release|x86
	EndGlobalSection
	GlobalSection(ProjectConfigurationPlatforms) = postSolution
		{A6328BA9-40CF-4749-9E6E-EAFBB888A0B3}.Debug|Any CPU.ActiveCfg = Debug|Any CPU
		{A6328BA9-40CF-4749-9E6E-EAFBB888A0B3}.Debug|Any CPU.Build.0 = Debug|Any CPU
		{A6328BA9-40CF-4749-9E6E-EAFBB888A0B3}.Debug|x64.ActiveCfg = Debug|Any CPU
		{A6328BA9-40CF-4749-9E6E-EAFBB888A0B3}.Debug|x64.Build.0 = Debug|Any CPU
		{A6328BA9-40CF-4749-9E6E-EAFBB888A0B3}.Debug|x86.ActiveCfg = Debug|Any CPU
		{A6328BA9-40CF-4749-9E6E-EAFBB888A0B3}.Debug|x86.Build.0 = Debug|Any CPU
		{A6328BA9-40CF-4749-9E6E-EAFBB888A0B3}.Release|Any CPU.ActiveCfg = Release|Any CPU
		{A6328BA9-40CF-4749-9E6E-EAFBB888A0B3}.Release|Any CPU.Build.0 = Release|Any CPU
		{A6328BA9-40CF-4749-9E6E-EAFBB888A0B3}.Release|x64.ActiveCfg = Release|Any CPU
		{A6328BA9-40CF-4749-9E6E-EAFBB888A0B3}.Release|x64.Build.0 = Release|Any CPU
		{A6328BA9-40CF-4749-9E6E-EAFBB888A0B3}.Release|x86.ActiveCfg = Release|Any CPU
		{A6328BA9-40CF-4749-9E6E-EAFBB888A0B3}.Release|x86.Build.0 = Release|Any CPU
		{AF1BD770-C214-499C-8647-5E3DA019B48F}.Debug|Any CPU.ActiveCfg = Debug|Any CPU
		{AF1BD770-C214-499C-8647-5E3DA019B48F}.Debug|Any CPU.Build.0 = Debug|Any CPU
		{AF1BD770-C214-499C-8647-5E3DA019B48F}.Debug|x64.ActiveCfg = Debug|Any CPU
		{AF1BD770-C214-499C-8647-5E3DA019B48F}.Debug|x64.Build.0 = Debug|Any CPU
		{AF1BD770-C214-499C-8647-5E3DA019B48F}.Debug|x86.ActiveCfg = Debug|Any CPU
		{AF1BD770-C214-499C-8647-5E3DA019B48F}.Debug|x86.Build.0 = Debug|Any CPU
		{AF1BD770-C214-499C-8647-5E3DA019B48F}.Release|Any CPU.ActiveCfg = Release|Any CPU
		{AF1BD770-C214-499C-8647-5E3DA019B48F}.Release|Any CPU.Build.0 = Release|Any CPU
		{AF1BD770-C214-499C-8647-5E3DA019B48F}.Release|x64.ActiveCfg = Release|Any CPU
		{AF1BD770-C214-499C-8647-5E3DA019B48F}.Release|x64.Build.0 = Release|Any CPU
		{AF1BD770-C214-499C-8647-5E3DA019B48F}.Release|x86.ActiveCfg = Release|Any CPU
		{AF1BD770-C214-499C-8647-5E3DA019B48F}.Release|x86.Build.0 = Release|Any CPU
		{5E834626-57D6-4DC2-8192-5E7E52AF0F33}.Debug|Any CPU.ActiveCfg = Debug|Any CPU
		{5E834626-57D6-4DC2-8192-5E7E52AF0F33}.Debug|Any CPU.Build.0 = Debug|Any CPU
		{5E834626-57D6-4DC2-8192-5E7E52AF0F33}.Debug|x64.ActiveCfg = Debug|Any CPU
		{5E834626-57D6-4DC2-8192-5E7E52AF0F33}.Debug|x64.Build.0 = Debug|Any CPU
		{5E834626-57D6-4DC2-8192-5E7E52AF0F33}.Debug|x86.ActiveCfg = Debug|Any CPU
		{5E834626-57D6-4DC2-8192-5E7E52AF0F33}.Debug|x86.Build.0 = Debug|Any CPU
		{5E834626-57D6-4DC2-8192-5E7E52AF0F33}.Release|Any CPU.ActiveCfg = Release|Any CPU
		{5E834626-57D6-4DC2-8192-5E7E52AF0F33}.Release|Any CPU.Build.0 = Release|Any CPU
		{5E834626-57D6-4DC2-8192-5E7E52AF0F33}.Release|x64.ActiveCfg = Release|Any CPU
		{5E834626-57D6-4DC2-8192-5E7E52AF0F33}.Release|x64.Build.0 = Release|Any CPU
		{5E834626-57D6-4DC2-8192-5E7E52AF0F33}.Release|x86.ActiveCfg = Release|Any CPU
		{5E834626-57D6-4DC2-8192-5E7E52AF0F33}.Release|x86.Build.0 = Release|Any CPU
		{5648802C-88BF-449B-A4F4-5DB2621D858F}.Debug|Any CPU.ActiveCfg = Debug|Any CPU
		{5648802C-88BF-449B-A4F4-5DB2621D858F}.Debug|Any CPU.Build.0 = Debug|Any CPU
		{5648802C-88BF-449B-A4F4-5DB2621D858F}.Debug|x64.ActiveCfg = Debug|Any CPU
		{5648802C-88BF-449B-A4F4-5DB2621D858F}.Debug|x64.Build.0 = Debug|Any CPU
		{5648802C-88BF-449B-A4F4-5DB2621D858F}.Debug|x86.ActiveCfg = Debug|Any CPU
		{5648802C-88BF-449B-A4F4-5DB2621D858F}.Debug|x86.Build.0 = Debug|Any CPU
		{5648802C-88BF-449B-A4F4-5DB2621D858F}.Release|Any CPU.ActiveCfg = Release|Any CPU
		{5648802C-88BF-449B-A4F4-5DB2621D858F}.Release|Any CPU.Build.0 = Release|Any CPU
		{5648802C-88BF-449B-A4F4-5DB2621D858F}.Release|x64.ActiveCfg = Release|Any CPU
		{5648802C-88BF-449B-A4F4-5DB2621D858F}.Release|x64.Build.0 = Release|Any CPU
		{5648802C-88BF-449B-A4F4-5DB2621D858F}.Release|x86.ActiveCfg = Release|Any CPU
		{5648802C-88BF-449B-A4F4-5DB2621D858F}.Release|x86.Build.0 = Release|Any CPU
		{5E5C1BED-E884-4D39-BD61-1A260E68C776}.Debug|Any CPU.ActiveCfg = Debug|Any CPU
		{5E5C1BED-E884-4D39-BD61-1A260E68C776}.Debug|Any CPU.Build.0 = Debug|Any CPU
		{5E5C1BED-E884-4D39-BD61-1A260E68C776}.Debug|x64.ActiveCfg = Debug|Any CPU
		{5E5C1BED-E884-4D39-BD61-1A260E68C776}.Debug|x64.Build.0 = Debug|Any CPU
		{5E5C1BED-E884-4D39-BD61-1A260E68C776}.Debug|x86.ActiveCfg = Debug|Any CPU
		{5E5C1BED-E884-4D39-BD61-1A260E68C776}.Debug|x86.Build.0 = Debug|Any CPU
		{5E5C1BED-E884-4D39-BD61-1A260E68C776}.Release|Any CPU.ActiveCfg = Release|Any CPU
		{5E5C1BED-E884-4D39-BD61-1A260E68C776}.Release|Any CPU.Build.0 = Release|Any CPU
		{5E5C1BED-E884-4D39-BD61-1A260E68C776}.Release|x64.ActiveCfg = Release|Any CPU
		{5E5C1BED-E884-4D39-BD61-1A260E68C776}.Release|x64.Build.0 = Release|Any CPU
		{5E5C1BED-E884-4D39-BD61-1A260E68C776}.Release|x86.ActiveCfg = Release|Any CPU
		{5E5C1BED-E884-4D39-BD61-1A260E68C776}.Release|x86.Build.0 = Release|Any CPU
		{0F77FB1E-8A59-44E9-A095-4BBD4D9B82AA}.Debug|Any CPU.ActiveCfg = Debug|Any CPU
		{0F77FB1E-8A59-44E9-A095-4BBD4D9B82AA}.Debug|Any CPU.Build.0 = Debug|Any CPU
		{0F77FB1E-8A59-44E9-A095-4BBD4D9B82AA}.Debug|x64.ActiveCfg = Debug|Any CPU
		{0F77FB1E-8A59-44E9-A095-4BBD4D9B82AA}.Debug|x64.Build.0 = Debug|Any CPU
		{0F77FB1E-8A59-44E9-A095-4BBD4D9B82AA}.Debug|x86.ActiveCfg = Debug|Any CPU
		{0F77FB1E-8A59-44E9-A095-4BBD4D9B82AA}.Debug|x86.Build.0 = Debug|Any CPU
		{0F77FB1E-8A59-44E9-A095-4BBD4D9B82AA}.Release|Any CPU.ActiveCfg = Release|Any CPU
		{0F77FB1E-8A59-44E9-A095-4BBD4D9B82AA}.Release|Any CPU.Build.0 = Release|Any CPU
		{0F77FB1E-8A59-44E9-A095-4BBD4D9B82AA}.Release|x64.ActiveCfg = Release|Any CPU
		{0F77FB1E-8A59-44E9-A095-4BBD4D9B82AA}.Release|x64.Build.0 = Release|Any CPU
		{0F77FB1E-8A59-44E9-A095-4BBD4D9B82AA}.Release|x86.ActiveCfg = Release|Any CPU
		{0F77FB1E-8A59-44E9-A095-4BBD4D9B82AA}.Release|x86.Build.0 = Release|Any CPU
		{EAF4EB97-3FD2-4454-B741-35780917E3AE}.Debug|Any CPU.ActiveCfg = Debug|Any CPU
		{EAF4EB97-3FD2-4454-B741-35780917E3AE}.Debug|Any CPU.Build.0 = Debug|Any CPU
		{EAF4EB97-3FD2-4454-B741-35780917E3AE}.Debug|x64.ActiveCfg = Debug|Any CPU
		{EAF4EB97-3FD2-4454-B741-35780917E3AE}.Debug|x64.Build.0 = Debug|Any CPU
		{EAF4EB97-3FD2-4454-B741-35780917E3AE}.Debug|x86.ActiveCfg = Debug|Any CPU
		{EAF4EB97-3FD2-4454-B741-35780917E3AE}.Debug|x86.Build.0 = Debug|Any CPU
		{EAF4EB97-3FD2-4454-B741-35780917E3AE}.Release|Any CPU.ActiveCfg = Release|Any CPU
		{EAF4EB97-3FD2-4454-B741-35780917E3AE}.Release|Any CPU.Build.0 = Release|Any CPU
		{EAF4EB97-3FD2-4454-B741-35780917E3AE}.Release|x64.ActiveCfg = Release|Any CPU
		{EAF4EB97-3FD2-4454-B741-35780917E3AE}.Release|x64.Build.0 = Release|Any CPU
		{EAF4EB97-3FD2-4454-B741-35780917E3AE}.Release|x86.ActiveCfg = Release|Any CPU
		{EAF4EB97-3FD2-4454-B741-35780917E3AE}.Release|x86.Build.0 = Release|Any CPU
		{F79438D7-115C-4672-8867-66BAD24D57F9}.Debug|Any CPU.ActiveCfg = Debug|Any CPU
		{F79438D7-115C-4672-8867-66BAD24D57F9}.Debug|Any CPU.Build.0 = Debug|Any CPU
		{F79438D7-115C-4672-8867-66BAD24D57F9}.Debug|x64.ActiveCfg = Debug|Any CPU
		{F79438D7-115C-4672-8867-66BAD24D57F9}.Debug|x64.Build.0 = Debug|Any CPU
		{F79438D7-115C-4672-8867-66BAD24D57F9}.Debug|x86.ActiveCfg = Debug|Any CPU
		{F79438D7-115C-4672-8867-66BAD24D57F9}.Debug|x86.Build.0 = Debug|Any CPU
		{F79438D7-115C-4672-8867-66BAD24D57F9}.Release|Any CPU.ActiveCfg = Release|Any CPU
		{F79438D7-115C-4672-8867-66BAD24D57F9}.Release|Any CPU.Build.0 = Release|Any CPU
		{F79438D7-115C-4672-8867-66BAD24D57F9}.Release|x64.ActiveCfg = Release|Any CPU
		{F79438D7-115C-4672-8867-66BAD24D57F9}.Release|x64.Build.0 = Release|Any CPU
		{F79438D7-115C-4672-8867-66BAD24D57F9}.Release|x86.ActiveCfg = Release|Any CPU
		{F79438D7-115C-4672-8867-66BAD24D57F9}.Release|x86.Build.0 = Release|Any CPU
		{BD49F012-F761-4C8A-B30B-667EB0C880C8}.Debug|Any CPU.ActiveCfg = Debug|Any CPU
		{BD49F012-F761-4C8A-B30B-667EB0C880C8}.Debug|Any CPU.Build.0 = Debug|Any CPU
		{BD49F012-F761-4C8A-B30B-667EB0C880C8}.Debug|Any CPU.Deploy.0 = Debug|Any CPU
		{BD49F012-F761-4C8A-B30B-667EB0C880C8}.Debug|x64.ActiveCfg = Debug|Any CPU
		{BD49F012-F761-4C8A-B30B-667EB0C880C8}.Debug|x64.Build.0 = Debug|Any CPU
		{BD49F012-F761-4C8A-B30B-667EB0C880C8}.Debug|x64.Deploy.0 = Debug|Any CPU
		{BD49F012-F761-4C8A-B30B-667EB0C880C8}.Debug|x86.ActiveCfg = Debug|Any CPU
		{BD49F012-F761-4C8A-B30B-667EB0C880C8}.Debug|x86.Build.0 = Debug|Any CPU
		{BD49F012-F761-4C8A-B30B-667EB0C880C8}.Debug|x86.Deploy.0 = Debug|Any CPU
		{BD49F012-F761-4C8A-B30B-667EB0C880C8}.Release|Any CPU.ActiveCfg = Release|Any CPU
		{BD49F012-F761-4C8A-B30B-667EB0C880C8}.Release|Any CPU.Build.0 = Release|Any CPU
		{BD49F012-F761-4C8A-B30B-667EB0C880C8}.Release|Any CPU.Deploy.0 = Release|Any CPU
		{BD49F012-F761-4C8A-B30B-667EB0C880C8}.Release|x64.ActiveCfg = Release|Any CPU
		{BD49F012-F761-4C8A-B30B-667EB0C880C8}.Release|x64.Build.0 = Release|Any CPU
		{BD49F012-F761-4C8A-B30B-667EB0C880C8}.Release|x64.Deploy.0 = Release|Any CPU
		{BD49F012-F761-4C8A-B30B-667EB0C880C8}.Release|x86.ActiveCfg = Release|Any CPU
		{BD49F012-F761-4C8A-B30B-667EB0C880C8}.Release|x86.Build.0 = Release|Any CPU
		{BD49F012-F761-4C8A-B30B-667EB0C880C8}.Release|x86.Deploy.0 = Release|Any CPU
		{3C06BEB1-A531-41F8-9574-BD5D4AE24749}.Debug|Any CPU.ActiveCfg = Debug|Any CPU
		{3C06BEB1-A531-41F8-9574-BD5D4AE24749}.Debug|Any CPU.Build.0 = Debug|Any CPU
		{3C06BEB1-A531-41F8-9574-BD5D4AE24749}.Debug|x64.ActiveCfg = Debug|Any CPU
		{3C06BEB1-A531-41F8-9574-BD5D4AE24749}.Debug|x64.Build.0 = Debug|Any CPU
		{3C06BEB1-A531-41F8-9574-BD5D4AE24749}.Debug|x86.ActiveCfg = Debug|Any CPU
		{3C06BEB1-A531-41F8-9574-BD5D4AE24749}.Debug|x86.Build.0 = Debug|Any CPU
		{3C06BEB1-A531-41F8-9574-BD5D4AE24749}.Release|Any CPU.ActiveCfg = Release|Any CPU
		{3C06BEB1-A531-41F8-9574-BD5D4AE24749}.Release|Any CPU.Build.0 = Release|Any CPU
		{3C06BEB1-A531-41F8-9574-BD5D4AE24749}.Release|x64.ActiveCfg = Release|Any CPU
		{3C06BEB1-A531-41F8-9574-BD5D4AE24749}.Release|x64.Build.0 = Release|Any CPU
		{3C06BEB1-A531-41F8-9574-BD5D4AE24749}.Release|x86.ActiveCfg = Release|Any CPU
		{3C06BEB1-A531-41F8-9574-BD5D4AE24749}.Release|x86.Build.0 = Release|Any CPU
		{F52221D1-3C50-44D2-AA20-8EDDCB4AFD5D}.Debug|Any CPU.ActiveCfg = Debug|Any CPU
		{F52221D1-3C50-44D2-AA20-8EDDCB4AFD5D}.Debug|Any CPU.Build.0 = Debug|Any CPU
		{F52221D1-3C50-44D2-AA20-8EDDCB4AFD5D}.Debug|x64.ActiveCfg = Debug|Any CPU
		{F52221D1-3C50-44D2-AA20-8EDDCB4AFD5D}.Debug|x64.Build.0 = Debug|Any CPU
		{F52221D1-3C50-44D2-AA20-8EDDCB4AFD5D}.Debug|x86.ActiveCfg = Debug|Any CPU
		{F52221D1-3C50-44D2-AA20-8EDDCB4AFD5D}.Debug|x86.Build.0 = Debug|Any CPU
		{F52221D1-3C50-44D2-AA20-8EDDCB4AFD5D}.Release|Any CPU.ActiveCfg = Release|Any CPU
		{F52221D1-3C50-44D2-AA20-8EDDCB4AFD5D}.Release|Any CPU.Build.0 = Release|Any CPU
		{F52221D1-3C50-44D2-AA20-8EDDCB4AFD5D}.Release|x64.ActiveCfg = Release|Any CPU
		{F52221D1-3C50-44D2-AA20-8EDDCB4AFD5D}.Release|x64.Build.0 = Release|Any CPU
		{F52221D1-3C50-44D2-AA20-8EDDCB4AFD5D}.Release|x86.ActiveCfg = Release|Any CPU
		{F52221D1-3C50-44D2-AA20-8EDDCB4AFD5D}.Release|x86.Build.0 = Release|Any CPU
		{8E3C820E-F7A2-4BD5-8AA2-1A577CF948EA}.Debug|Any CPU.ActiveCfg = Debug|Any CPU
		{8E3C820E-F7A2-4BD5-8AA2-1A577CF948EA}.Debug|Any CPU.Build.0 = Debug|Any CPU
		{8E3C820E-F7A2-4BD5-8AA2-1A577CF948EA}.Debug|x64.ActiveCfg = Debug|Any CPU
		{8E3C820E-F7A2-4BD5-8AA2-1A577CF948EA}.Debug|x64.Build.0 = Debug|Any CPU
		{8E3C820E-F7A2-4BD5-8AA2-1A577CF948EA}.Debug|x86.ActiveCfg = Debug|Any CPU
		{8E3C820E-F7A2-4BD5-8AA2-1A577CF948EA}.Debug|x86.Build.0 = Debug|Any CPU
		{8E3C820E-F7A2-4BD5-8AA2-1A577CF948EA}.Release|Any CPU.ActiveCfg = Release|Any CPU
		{8E3C820E-F7A2-4BD5-8AA2-1A577CF948EA}.Release|Any CPU.Build.0 = Release|Any CPU
		{8E3C820E-F7A2-4BD5-8AA2-1A577CF948EA}.Release|x64.ActiveCfg = Release|Any CPU
		{8E3C820E-F7A2-4BD5-8AA2-1A577CF948EA}.Release|x64.Build.0 = Release|Any CPU
		{8E3C820E-F7A2-4BD5-8AA2-1A577CF948EA}.Release|x86.ActiveCfg = Release|Any CPU
		{8E3C820E-F7A2-4BD5-8AA2-1A577CF948EA}.Release|x86.Build.0 = Release|Any CPU
		{95E70AEC-0B5B-4F89-A38D-108DDAB056B4}.Debug|Any CPU.ActiveCfg = Debug|Any CPU
		{95E70AEC-0B5B-4F89-A38D-108DDAB056B4}.Debug|Any CPU.Build.0 = Debug|Any CPU
		{95E70AEC-0B5B-4F89-A38D-108DDAB056B4}.Debug|x64.ActiveCfg = Debug|Any CPU
		{95E70AEC-0B5B-4F89-A38D-108DDAB056B4}.Debug|x64.Build.0 = Debug|Any CPU
		{95E70AEC-0B5B-4F89-A38D-108DDAB056B4}.Debug|x86.ActiveCfg = Debug|Any CPU
		{95E70AEC-0B5B-4F89-A38D-108DDAB056B4}.Debug|x86.Build.0 = Debug|Any CPU
		{95E70AEC-0B5B-4F89-A38D-108DDAB056B4}.Release|Any CPU.ActiveCfg = Release|Any CPU
		{95E70AEC-0B5B-4F89-A38D-108DDAB056B4}.Release|Any CPU.Build.0 = Release|Any CPU
		{95E70AEC-0B5B-4F89-A38D-108DDAB056B4}.Release|x64.ActiveCfg = Release|Any CPU
		{95E70AEC-0B5B-4F89-A38D-108DDAB056B4}.Release|x64.Build.0 = Release|Any CPU
		{95E70AEC-0B5B-4F89-A38D-108DDAB056B4}.Release|x86.ActiveCfg = Release|Any CPU
		{95E70AEC-0B5B-4F89-A38D-108DDAB056B4}.Release|x86.Build.0 = Release|Any CPU
		{3A80DBAB-E57B-4CE8-920B-8D1F1022F7DA}.Debug|Any CPU.ActiveCfg = Debug|Any CPU
		{3A80DBAB-E57B-4CE8-920B-8D1F1022F7DA}.Debug|Any CPU.Build.0 = Debug|Any CPU
		{3A80DBAB-E57B-4CE8-920B-8D1F1022F7DA}.Debug|x64.ActiveCfg = Debug|Any CPU
		{3A80DBAB-E57B-4CE8-920B-8D1F1022F7DA}.Debug|x64.Build.0 = Debug|Any CPU
		{3A80DBAB-E57B-4CE8-920B-8D1F1022F7DA}.Debug|x86.ActiveCfg = Debug|Any CPU
		{3A80DBAB-E57B-4CE8-920B-8D1F1022F7DA}.Debug|x86.Build.0 = Debug|Any CPU
		{3A80DBAB-E57B-4CE8-920B-8D1F1022F7DA}.Release|Any CPU.ActiveCfg = Release|Any CPU
		{3A80DBAB-E57B-4CE8-920B-8D1F1022F7DA}.Release|Any CPU.Build.0 = Release|Any CPU
		{3A80DBAB-E57B-4CE8-920B-8D1F1022F7DA}.Release|x64.ActiveCfg = Release|Any CPU
		{3A80DBAB-E57B-4CE8-920B-8D1F1022F7DA}.Release|x64.Build.0 = Release|Any CPU
		{3A80DBAB-E57B-4CE8-920B-8D1F1022F7DA}.Release|x86.ActiveCfg = Release|Any CPU
		{3A80DBAB-E57B-4CE8-920B-8D1F1022F7DA}.Release|x86.Build.0 = Release|Any CPU
		{174E27D7-C920-44A6-A452-DB4925E9D2AB}.Debug|Any CPU.ActiveCfg = Debug|Any CPU
		{174E27D7-C920-44A6-A452-DB4925E9D2AB}.Debug|Any CPU.Build.0 = Debug|Any CPU
		{174E27D7-C920-44A6-A452-DB4925E9D2AB}.Debug|x64.ActiveCfg = Debug|Any CPU
		{174E27D7-C920-44A6-A452-DB4925E9D2AB}.Debug|x64.Build.0 = Debug|Any CPU
		{174E27D7-C920-44A6-A452-DB4925E9D2AB}.Debug|x86.ActiveCfg = Debug|Any CPU
		{174E27D7-C920-44A6-A452-DB4925E9D2AB}.Debug|x86.Build.0 = Debug|Any CPU
		{174E27D7-C920-44A6-A452-DB4925E9D2AB}.Release|Any CPU.ActiveCfg = Release|Any CPU
		{174E27D7-C920-44A6-A452-DB4925E9D2AB}.Release|Any CPU.Build.0 = Release|Any CPU
		{174E27D7-C920-44A6-A452-DB4925E9D2AB}.Release|x64.ActiveCfg = Release|Any CPU
		{174E27D7-C920-44A6-A452-DB4925E9D2AB}.Release|x64.Build.0 = Release|Any CPU
		{174E27D7-C920-44A6-A452-DB4925E9D2AB}.Release|x86.ActiveCfg = Release|Any CPU
		{174E27D7-C920-44A6-A452-DB4925E9D2AB}.Release|x86.Build.0 = Release|Any CPU
		{4AC53A71-346C-4448-8671-DAD54228730E}.Debug|Any CPU.ActiveCfg = Debug|Any CPU
		{4AC53A71-346C-4448-8671-DAD54228730E}.Debug|Any CPU.Build.0 = Debug|Any CPU
		{4AC53A71-346C-4448-8671-DAD54228730E}.Debug|x64.ActiveCfg = Debug|Any CPU
		{4AC53A71-346C-4448-8671-DAD54228730E}.Debug|x64.Build.0 = Debug|Any CPU
		{4AC53A71-346C-4448-8671-DAD54228730E}.Debug|x86.ActiveCfg = Debug|Any CPU
		{4AC53A71-346C-4448-8671-DAD54228730E}.Debug|x86.Build.0 = Debug|Any CPU
		{4AC53A71-346C-4448-8671-DAD54228730E}.Release|Any CPU.ActiveCfg = Release|Any CPU
		{4AC53A71-346C-4448-8671-DAD54228730E}.Release|Any CPU.Build.0 = Release|Any CPU
		{4AC53A71-346C-4448-8671-DAD54228730E}.Release|x64.ActiveCfg = Release|Any CPU
		{4AC53A71-346C-4448-8671-DAD54228730E}.Release|x64.Build.0 = Release|Any CPU
		{4AC53A71-346C-4448-8671-DAD54228730E}.Release|x86.ActiveCfg = Release|Any CPU
		{4AC53A71-346C-4448-8671-DAD54228730E}.Release|x86.Build.0 = Release|Any CPU
	EndGlobalSection
	GlobalSection(SolutionProperties) = preSolution
		HideSolutionNode = FALSE
	EndGlobalSection
	GlobalSection(NestedProjects) = preSolution
		{A6328BA9-40CF-4749-9E6E-EAFBB888A0B3} = {ABFB55D8-E2CD-4BC4-8651-69AC923892C2}
		{AF1BD770-C214-499C-8647-5E3DA019B48F} = {ABFB55D8-E2CD-4BC4-8651-69AC923892C2}
		{5E834626-57D6-4DC2-8192-5E7E52AF0F33} = {ABFB55D8-E2CD-4BC4-8651-69AC923892C2}
		{5648802C-88BF-449B-A4F4-5DB2621D858F} = {ABFB55D8-E2CD-4BC4-8651-69AC923892C2}
		{5E5C1BED-E884-4D39-BD61-1A260E68C776} = {ABFB55D8-E2CD-4BC4-8651-69AC923892C2}
		{0F77FB1E-8A59-44E9-A095-4BBD4D9B82AA} = {C15ADA74-C8F5-4558-8925-ABC07F233B16}
		{EAF4EB97-3FD2-4454-B741-35780917E3AE} = {C15ADA74-C8F5-4558-8925-ABC07F233B16}
		{F79438D7-115C-4672-8867-66BAD24D57F9} = {C15ADA74-C8F5-4558-8925-ABC07F233B16}
		{BD49F012-F761-4C8A-B30B-667EB0C880C8} = {EFAD1196-A4A0-4AC3-8A23-9B43237A4BB2}
		{3C06BEB1-A531-41F8-9574-BD5D4AE24749} = {C15ADA74-C8F5-4558-8925-ABC07F233B16}
		{F52221D1-3C50-44D2-AA20-8EDDCB4AFD5D} = {C15ADA74-C8F5-4558-8925-ABC07F233B16}
		{8E3C820E-F7A2-4BD5-8AA2-1A577CF948EA} = {C15ADA74-C8F5-4558-8925-ABC07F233B16}
		{95E70AEC-0B5B-4F89-A38D-108DDAB056B4} = {C15ADA74-C8F5-4558-8925-ABC07F233B16}
		{3A80DBAB-E57B-4CE8-920B-8D1F1022F7DA} = {79BA3CFD-D7CA-45AA-BB2C-8007C6B698D5}
		{174E27D7-C920-44A6-A452-DB4925E9D2AB} = {79BA3CFD-D7CA-45AA-BB2C-8007C6B698D5}
		{4AC53A71-346C-4448-8671-DAD54228730E} = {C15ADA74-C8F5-4558-8925-ABC07F233B16}
	EndGlobalSection
	GlobalSection(ExtensibilityGlobals) = postSolution
		SolutionGuid = {5B022EB5-A161-4197-AE5C-9759AECEB686}
	EndGlobalSection
EndGlobal
