
Microsoft Visual Studio Solution File, Format Version 12.00
# Visual Studio Version 16
VisualStudioVersion = 16.6.30114.105
MinimumVisualStudioVersion = 10.0.40219.1
Project("{2150E333-8FDC-42A3-9474-1A3956D46DE8}") = "src", "src", "{C15ADA74-C8F5-4558-8925-ABC07F233B16}"
EndProject
Project("{9A19103F-16F7-4668-BE54-9A1E7A4F7556}") = "FeedKitchen.ChefPortal", "src\FeedKitchen.ChefPortal\FeedKitchen.ChefPortal.csproj", "{3CC0A343-DB04-49E7-943B-0F3A65FA0C6C}"
EndProject
Project("{9A19103F-16F7-4668-BE54-9A1E7A4F7556}") = "FeedKitchen.CookPortal", "src\FeedKitchen.CookPortal\FeedKitchen.CookPortal.csproj", "{D2793C78-8B1B-4D24-B365-FA3CF8F77EF4}"
EndProject
Project("{9A19103F-16F7-4668-BE54-9A1E7A4F7556}") = "FeedKitchen.IngredientsBuyer", "src\FeedKitchen.IngredientsBuyer\FeedKitchen.IngredientsBuyer.csproj", "{44543529-3F1F-49C2-ACD0-FFC4F4259DFC}"
EndProject
Project("{9A19103F-16F7-4668-BE54-9A1E7A4F7556}") = "FeedKitchen.MenuWaiter", "src\FeedKitchen.MenuWaiter\FeedKitchen.MenuWaiter.csproj", "{A433A20E-C294-410B-8E34-14A795E797D2}"
EndProject
Project("{2150E333-8FDC-42A3-9474-1A3956D46DE8}") = "tests", "tests", "{ABFB55D8-E2CD-4BC4-8651-69AC923892C2}"
EndProject
Project("{9A19103F-16F7-4668-BE54-9A1E7A4F7556}") = "FeedKitchen.MenuWaiter.Test", "tests\FeedKitchen.MenuWaiter.Test\FeedKitchen.MenuWaiter.Test.csproj", "{A6328BA9-40CF-4749-9E6E-EAFBB888A0B3}"
EndProject
Project("{9A19103F-16F7-4668-BE54-9A1E7A4F7556}") = "FeedKitchen.IngredientsBuyer.Test", "tests\FeedKitchen.IngredientsBuyer.Test\FeedKitchen.IngredientsBuyer.Test.csproj", "{AF1BD770-C214-499C-8647-5E3DA019B48F}"
EndProject
Project("{9A19103F-16F7-4668-BE54-9A1E7A4F7556}") = "FeedKitchen.CookPortal.Test", "tests\FeedKitchen.CookPortal.Test\FeedKitchen.CookPortal.Test.csproj", "{5E834626-57D6-4DC2-8192-5E7E52AF0F33}"
EndProject
Project("{9A19103F-16F7-4668-BE54-9A1E7A4F7556}") = "FeedKitchen.ChefPortal.Test", "tests\FeedKitchen.ChefPortal.Test\FeedKitchen.ChefPortal.Test.csproj", "{5648802C-88BF-449B-A4F4-5DB2621D858F}"
EndProject
Project("{9A19103F-16F7-4668-BE54-9A1E7A4F7556}") = "FeedKitchen.Infrastructure.Test", "tests\FeedKitchen.Infrastructure.Test\FeedKitchen.Infrastructure.Test.csproj", "{5E5C1BED-E884-4D39-BD61-1A260E68C776}"
EndProject
Project("{2150E333-8FDC-42A3-9474-1A3956D46DE8}") = ".docker", ".docker", "{D6CFAE8D-5B42-48BF-A7DD-40A99D195701}"
	ProjectSection(SolutionItems) = preProject
		docker\.env = docker\.env
		docker\docker-compose.yml = docker\docker-compose.yml
	EndProjectSection
EndProject
Project("{2150E333-8FDC-42A3-9474-1A3956D46DE8}") = ".shared", ".shared", "{248404A0-6D53-4CE7-A76A-6E58D88AE6F5}"
	ProjectSection(SolutionItems) = preProject
		.gitignore = .gitignore
	EndProjectSection
EndProject
Project("{FAE04EC0-301F-11D3-BF4B-00C04F79EFBC}") = "FeedKitchen.Shared", "src\FeedKitchen.Shared\FeedKitchen.Shared.csproj", "{0F77FB1E-8A59-44E9-A095-4BBD4D9B82AA}"
EndProject
Project("{FAE04EC0-301F-11D3-BF4B-00C04F79EFBC}") = "FeedKitchen.Repositories", "src\FeedKitchen.Repositories\FeedKitchen.Repositories.csproj", "{EAF4EB97-3FD2-4454-B741-35780917E3AE}"
EndProject
Global
	GlobalSection(SolutionConfigurationPlatforms) = preSolution
		Debug|Any CPU = Debug|Any CPU
		Debug|x64 = Debug|x64
		Debug|x86 = Debug|x86
		Release|Any CPU = Release|Any CPU
		Release|x64 = Release|x64
		Release|x86 = Release|x86
	EndGlobalSection
	GlobalSection(ProjectConfigurationPlatforms) = postSolution
		{3CC0A343-DB04-49E7-943B-0F3A65FA0C6C}.Debug|Any CPU.ActiveCfg = Debug|Any CPU
		{3CC0A343-DB04-49E7-943B-0F3A65FA0C6C}.Debug|Any CPU.Build.0 = Debug|Any CPU
		{3CC0A343-DB04-49E7-943B-0F3A65FA0C6C}.Debug|x64.ActiveCfg = Debug|Any CPU
		{3CC0A343-DB04-49E7-943B-0F3A65FA0C6C}.Debug|x64.Build.0 = Debug|Any CPU
		{3CC0A343-DB04-49E7-943B-0F3A65FA0C6C}.Debug|x86.ActiveCfg = Debug|Any CPU
		{3CC0A343-DB04-49E7-943B-0F3A65FA0C6C}.Debug|x86.Build.0 = Debug|Any CPU
		{3CC0A343-DB04-49E7-943B-0F3A65FA0C6C}.Release|Any CPU.ActiveCfg = Release|Any CPU
		{3CC0A343-DB04-49E7-943B-0F3A65FA0C6C}.Release|Any CPU.Build.0 = Release|Any CPU
		{3CC0A343-DB04-49E7-943B-0F3A65FA0C6C}.Release|x64.ActiveCfg = Release|Any CPU
		{3CC0A343-DB04-49E7-943B-0F3A65FA0C6C}.Release|x64.Build.0 = Release|Any CPU
		{3CC0A343-DB04-49E7-943B-0F3A65FA0C6C}.Release|x86.ActiveCfg = Release|Any CPU
		{3CC0A343-DB04-49E7-943B-0F3A65FA0C6C}.Release|x86.Build.0 = Release|Any CPU
		{D2793C78-8B1B-4D24-B365-FA3CF8F77EF4}.Debug|Any CPU.ActiveCfg = Debug|Any CPU
		{D2793C78-8B1B-4D24-B365-FA3CF8F77EF4}.Debug|Any CPU.Build.0 = Debug|Any CPU
		{D2793C78-8B1B-4D24-B365-FA3CF8F77EF4}.Debug|x64.ActiveCfg = Debug|Any CPU
		{D2793C78-8B1B-4D24-B365-FA3CF8F77EF4}.Debug|x64.Build.0 = Debug|Any CPU
		{D2793C78-8B1B-4D24-B365-FA3CF8F77EF4}.Debug|x86.ActiveCfg = Debug|Any CPU
		{D2793C78-8B1B-4D24-B365-FA3CF8F77EF4}.Debug|x86.Build.0 = Debug|Any CPU
		{D2793C78-8B1B-4D24-B365-FA3CF8F77EF4}.Release|Any CPU.ActiveCfg = Release|Any CPU
		{D2793C78-8B1B-4D24-B365-FA3CF8F77EF4}.Release|Any CPU.Build.0 = Release|Any CPU
		{D2793C78-8B1B-4D24-B365-FA3CF8F77EF4}.Release|x64.ActiveCfg = Release|Any CPU
		{D2793C78-8B1B-4D24-B365-FA3CF8F77EF4}.Release|x64.Build.0 = Release|Any CPU
		{D2793C78-8B1B-4D24-B365-FA3CF8F77EF4}.Release|x86.ActiveCfg = Release|Any CPU
		{D2793C78-8B1B-4D24-B365-FA3CF8F77EF4}.Release|x86.Build.0 = Release|Any CPU
		{44543529-3F1F-49C2-ACD0-FFC4F4259DFC}.Debug|Any CPU.ActiveCfg = Debug|Any CPU
		{44543529-3F1F-49C2-ACD0-FFC4F4259DFC}.Debug|Any CPU.Build.0 = Debug|Any CPU
		{44543529-3F1F-49C2-ACD0-FFC4F4259DFC}.Debug|x64.ActiveCfg = Debug|Any CPU
		{44543529-3F1F-49C2-ACD0-FFC4F4259DFC}.Debug|x64.Build.0 = Debug|Any CPU
		{44543529-3F1F-49C2-ACD0-FFC4F4259DFC}.Debug|x86.ActiveCfg = Debug|Any CPU
		{44543529-3F1F-49C2-ACD0-FFC4F4259DFC}.Debug|x86.Build.0 = Debug|Any CPU
		{44543529-3F1F-49C2-ACD0-FFC4F4259DFC}.Release|Any CPU.ActiveCfg = Release|Any CPU
		{44543529-3F1F-49C2-ACD0-FFC4F4259DFC}.Release|Any CPU.Build.0 = Release|Any CPU
		{44543529-3F1F-49C2-ACD0-FFC4F4259DFC}.Release|x64.ActiveCfg = Release|Any CPU
		{44543529-3F1F-49C2-ACD0-FFC4F4259DFC}.Release|x64.Build.0 = Release|Any CPU
		{44543529-3F1F-49C2-ACD0-FFC4F4259DFC}.Release|x86.ActiveCfg = Release|Any CPU
		{44543529-3F1F-49C2-ACD0-FFC4F4259DFC}.Release|x86.Build.0 = Release|Any CPU
		{A433A20E-C294-410B-8E34-14A795E797D2}.Debug|Any CPU.ActiveCfg = Debug|Any CPU
		{A433A20E-C294-410B-8E34-14A795E797D2}.Debug|Any CPU.Build.0 = Debug|Any CPU
		{A433A20E-C294-410B-8E34-14A795E797D2}.Debug|x64.ActiveCfg = Debug|Any CPU
		{A433A20E-C294-410B-8E34-14A795E797D2}.Debug|x64.Build.0 = Debug|Any CPU
		{A433A20E-C294-410B-8E34-14A795E797D2}.Debug|x86.ActiveCfg = Debug|Any CPU
		{A433A20E-C294-410B-8E34-14A795E797D2}.Debug|x86.Build.0 = Debug|Any CPU
		{A433A20E-C294-410B-8E34-14A795E797D2}.Release|Any CPU.ActiveCfg = Release|Any CPU
		{A433A20E-C294-410B-8E34-14A795E797D2}.Release|Any CPU.Build.0 = Release|Any CPU
		{A433A20E-C294-410B-8E34-14A795E797D2}.Release|x64.ActiveCfg = Release|Any CPU
		{A433A20E-C294-410B-8E34-14A795E797D2}.Release|x64.Build.0 = Release|Any CPU
		{A433A20E-C294-410B-8E34-14A795E797D2}.Release|x86.ActiveCfg = Release|Any CPU
		{A433A20E-C294-410B-8E34-14A795E797D2}.Release|x86.Build.0 = Release|Any CPU
		{A6328BA9-40CF-4749-9E6E-EAFBB888A0B3}.Debug|Any CPU.ActiveCfg = Debug|Any CPU
		{A6328BA9-40CF-4749-9E6E-EAFBB888A0B3}.Debug|Any CPU.Build.0 = Debug|Any CPU
		{A6328BA9-40CF-4749-9E6E-EAFBB888A0B3}.Debug|x64.ActiveCfg = Debug|Any CPU
		{A6328BA9-40CF-4749-9E6E-EAFBB888A0B3}.Debug|x64.Build.0 = Debug|Any CPU
		{A6328BA9-40CF-4749-9E6E-EAFBB888A0B3}.Debug|x86.ActiveCfg = Debug|Any CPU
		{A6328BA9-40CF-4749-9E6E-EAFBB888A0B3}.Debug|x86.Build.0 = Debug|Any CPU
		{A6328BA9-40CF-4749-9E6E-EAFBB888A0B3}.Release|Any CPU.ActiveCfg = Release|Any CPU
		{A6328BA9-40CF-4749-9E6E-EAFBB888A0B3}.Release|Any CPU.Build.0 = Release|Any CPU
		{A6328BA9-40CF-4749-9E6E-EAFBB888A0B3}.Release|x64.ActiveCfg = Release|Any CPU
		{A6328BA9-40CF-4749-9E6E-EAFBB888A0B3}.Release|x64.Build.0 = Release|Any CPU
		{A6328BA9-40CF-4749-9E6E-EAFBB888A0B3}.Release|x86.ActiveCfg = Release|Any CPU
		{A6328BA9-40CF-4749-9E6E-EAFBB888A0B3}.Release|x86.Build.0 = Release|Any CPU
		{AF1BD770-C214-499C-8647-5E3DA019B48F}.Debug|Any CPU.ActiveCfg = Debug|Any CPU
		{AF1BD770-C214-499C-8647-5E3DA019B48F}.Debug|Any CPU.Build.0 = Debug|Any CPU
		{AF1BD770-C214-499C-8647-5E3DA019B48F}.Debug|x64.ActiveCfg = Debug|Any CPU
		{AF1BD770-C214-499C-8647-5E3DA019B48F}.Debug|x64.Build.0 = Debug|Any CPU
		{AF1BD770-C214-499C-8647-5E3DA019B48F}.Debug|x86.ActiveCfg = Debug|Any CPU
		{AF1BD770-C214-499C-8647-5E3DA019B48F}.Debug|x86.Build.0 = Debug|Any CPU
		{AF1BD770-C214-499C-8647-5E3DA019B48F}.Release|Any CPU.ActiveCfg = Release|Any CPU
		{AF1BD770-C214-499C-8647-5E3DA019B48F}.Release|Any CPU.Build.0 = Release|Any CPU
		{AF1BD770-C214-499C-8647-5E3DA019B48F}.Release|x64.ActiveCfg = Release|Any CPU
		{AF1BD770-C214-499C-8647-5E3DA019B48F}.Release|x64.Build.0 = Release|Any CPU
		{AF1BD770-C214-499C-8647-5E3DA019B48F}.Release|x86.ActiveCfg = Release|Any CPU
		{AF1BD770-C214-499C-8647-5E3DA019B48F}.Release|x86.Build.0 = Release|Any CPU
		{5E834626-57D6-4DC2-8192-5E7E52AF0F33}.Debug|Any CPU.ActiveCfg = Debug|Any CPU
		{5E834626-57D6-4DC2-8192-5E7E52AF0F33}.Debug|Any CPU.Build.0 = Debug|Any CPU
		{5E834626-57D6-4DC2-8192-5E7E52AF0F33}.Debug|x64.ActiveCfg = Debug|Any CPU
		{5E834626-57D6-4DC2-8192-5E7E52AF0F33}.Debug|x64.Build.0 = Debug|Any CPU
		{5E834626-57D6-4DC2-8192-5E7E52AF0F33}.Debug|x86.ActiveCfg = Debug|Any CPU
		{5E834626-57D6-4DC2-8192-5E7E52AF0F33}.Debug|x86.Build.0 = Debug|Any CPU
		{5E834626-57D6-4DC2-8192-5E7E52AF0F33}.Release|Any CPU.ActiveCfg = Release|Any CPU
		{5E834626-57D6-4DC2-8192-5E7E52AF0F33}.Release|Any CPU.Build.0 = Release|Any CPU
		{5E834626-57D6-4DC2-8192-5E7E52AF0F33}.Release|x64.ActiveCfg = Release|Any CPU
		{5E834626-57D6-4DC2-8192-5E7E52AF0F33}.Release|x64.Build.0 = Release|Any CPU
		{5E834626-57D6-4DC2-8192-5E7E52AF0F33}.Release|x86.ActiveCfg = Release|Any CPU
		{5E834626-57D6-4DC2-8192-5E7E52AF0F33}.Release|x86.Build.0 = Release|Any CPU
		{5648802C-88BF-449B-A4F4-5DB2621D858F}.Debug|Any CPU.ActiveCfg = Debug|Any CPU
		{5648802C-88BF-449B-A4F4-5DB2621D858F}.Debug|Any CPU.Build.0 = Debug|Any CPU
		{5648802C-88BF-449B-A4F4-5DB2621D858F}.Debug|x64.ActiveCfg = Debug|Any CPU
		{5648802C-88BF-449B-A4F4-5DB2621D858F}.Debug|x64.Build.0 = Debug|Any CPU
		{5648802C-88BF-449B-A4F4-5DB2621D858F}.Debug|x86.ActiveCfg = Debug|Any CPU
		{5648802C-88BF-449B-A4F4-5DB2621D858F}.Debug|x86.Build.0 = Debug|Any CPU
		{5648802C-88BF-449B-A4F4-5DB2621D858F}.Release|Any CPU.ActiveCfg = Release|Any CPU
		{5648802C-88BF-449B-A4F4-5DB2621D858F}.Release|Any CPU.Build.0 = Release|Any CPU
		{5648802C-88BF-449B-A4F4-5DB2621D858F}.Release|x64.ActiveCfg = Release|Any CPU
		{5648802C-88BF-449B-A4F4-5DB2621D858F}.Release|x64.Build.0 = Release|Any CPU
		{5648802C-88BF-449B-A4F4-5DB2621D858F}.Release|x86.ActiveCfg = Release|Any CPU
		{5648802C-88BF-449B-A4F4-5DB2621D858F}.Release|x86.Build.0 = Release|Any CPU
		{5E5C1BED-E884-4D39-BD61-1A260E68C776}.Debug|Any CPU.ActiveCfg = Debug|Any CPU
		{5E5C1BED-E884-4D39-BD61-1A260E68C776}.Debug|Any CPU.Build.0 = Debug|Any CPU
		{5E5C1BED-E884-4D39-BD61-1A260E68C776}.Debug|x64.ActiveCfg = Debug|Any CPU
		{5E5C1BED-E884-4D39-BD61-1A260E68C776}.Debug|x64.Build.0 = Debug|Any CPU
		{5E5C1BED-E884-4D39-BD61-1A260E68C776}.Debug|x86.ActiveCfg = Debug|Any CPU
		{5E5C1BED-E884-4D39-BD61-1A260E68C776}.Debug|x86.Build.0 = Debug|Any CPU
		{5E5C1BED-E884-4D39-BD61-1A260E68C776}.Release|Any CPU.ActiveCfg = Release|Any CPU
		{5E5C1BED-E884-4D39-BD61-1A260E68C776}.Release|Any CPU.Build.0 = Release|Any CPU
		{5E5C1BED-E884-4D39-BD61-1A260E68C776}.Release|x64.ActiveCfg = Release|Any CPU
		{5E5C1BED-E884-4D39-BD61-1A260E68C776}.Release|x64.Build.0 = Release|Any CPU
		{5E5C1BED-E884-4D39-BD61-1A260E68C776}.Release|x86.ActiveCfg = Release|Any CPU
		{5E5C1BED-E884-4D39-BD61-1A260E68C776}.Release|x86.Build.0 = Release|Any CPU
		{0F77FB1E-8A59-44E9-A095-4BBD4D9B82AA}.Debug|Any CPU.ActiveCfg = Debug|Any CPU
		{0F77FB1E-8A59-44E9-A095-4BBD4D9B82AA}.Debug|Any CPU.Build.0 = Debug|Any CPU
		{0F77FB1E-8A59-44E9-A095-4BBD4D9B82AA}.Debug|x64.ActiveCfg = Debug|Any CPU
		{0F77FB1E-8A59-44E9-A095-4BBD4D9B82AA}.Debug|x64.Build.0 = Debug|Any CPU
		{0F77FB1E-8A59-44E9-A095-4BBD4D9B82AA}.Debug|x86.ActiveCfg = Debug|Any CPU
		{0F77FB1E-8A59-44E9-A095-4BBD4D9B82AA}.Debug|x86.Build.0 = Debug|Any CPU
		{0F77FB1E-8A59-44E9-A095-4BBD4D9B82AA}.Release|Any CPU.ActiveCfg = Release|Any CPU
		{0F77FB1E-8A59-44E9-A095-4BBD4D9B82AA}.Release|Any CPU.Build.0 = Release|Any CPU
		{0F77FB1E-8A59-44E9-A095-4BBD4D9B82AA}.Release|x64.ActiveCfg = Release|Any CPU
		{0F77FB1E-8A59-44E9-A095-4BBD4D9B82AA}.Release|x64.Build.0 = Release|Any CPU
		{0F77FB1E-8A59-44E9-A095-4BBD4D9B82AA}.Release|x86.ActiveCfg = Release|Any CPU
		{0F77FB1E-8A59-44E9-A095-4BBD4D9B82AA}.Release|x86.Build.0 = Release|Any CPU
		{EAF4EB97-3FD2-4454-B741-35780917E3AE}.Debug|Any CPU.ActiveCfg = Debug|Any CPU
		{EAF4EB97-3FD2-4454-B741-35780917E3AE}.Debug|Any CPU.Build.0 = Debug|Any CPU
		{EAF4EB97-3FD2-4454-B741-35780917E3AE}.Debug|x64.ActiveCfg = Debug|Any CPU
		{EAF4EB97-3FD2-4454-B741-35780917E3AE}.Debug|x64.Build.0 = Debug|Any CPU
		{EAF4EB97-3FD2-4454-B741-35780917E3AE}.Debug|x86.ActiveCfg = Debug|Any CPU
		{EAF4EB97-3FD2-4454-B741-35780917E3AE}.Debug|x86.Build.0 = Debug|Any CPU
		{EAF4EB97-3FD2-4454-B741-35780917E3AE}.Release|Any CPU.ActiveCfg = Release|Any CPU
		{EAF4EB97-3FD2-4454-B741-35780917E3AE}.Release|Any CPU.Build.0 = Release|Any CPU
		{EAF4EB97-3FD2-4454-B741-35780917E3AE}.Release|x64.ActiveCfg = Release|Any CPU
		{EAF4EB97-3FD2-4454-B741-35780917E3AE}.Release|x64.Build.0 = Release|Any CPU
		{EAF4EB97-3FD2-4454-B741-35780917E3AE}.Release|x86.ActiveCfg = Release|Any CPU
		{EAF4EB97-3FD2-4454-B741-35780917E3AE}.Release|x86.Build.0 = Release|Any CPU
	EndGlobalSection
	GlobalSection(SolutionProperties) = preSolution
		HideSolutionNode = FALSE
	EndGlobalSection
	GlobalSection(NestedProjects) = preSolution
		{3CC0A343-DB04-49E7-943B-0F3A65FA0C6C} = {C15ADA74-C8F5-4558-8925-ABC07F233B16}
		{D2793C78-8B1B-4D24-B365-FA3CF8F77EF4} = {C15ADA74-C8F5-4558-8925-ABC07F233B16}
		{44543529-3F1F-49C2-ACD0-FFC4F4259DFC} = {C15ADA74-C8F5-4558-8925-ABC07F233B16}
		{A433A20E-C294-410B-8E34-14A795E797D2} = {C15ADA74-C8F5-4558-8925-ABC07F233B16}
		{A6328BA9-40CF-4749-9E6E-EAFBB888A0B3} = {ABFB55D8-E2CD-4BC4-8651-69AC923892C2}
		{AF1BD770-C214-499C-8647-5E3DA019B48F} = {ABFB55D8-E2CD-4BC4-8651-69AC923892C2}
		{5E834626-57D6-4DC2-8192-5E7E52AF0F33} = {ABFB55D8-E2CD-4BC4-8651-69AC923892C2}
		{5648802C-88BF-449B-A4F4-5DB2621D858F} = {ABFB55D8-E2CD-4BC4-8651-69AC923892C2}
		{5E5C1BED-E884-4D39-BD61-1A260E68C776} = {ABFB55D8-E2CD-4BC4-8651-69AC923892C2}
		{0F77FB1E-8A59-44E9-A095-4BBD4D9B82AA} = {C15ADA74-C8F5-4558-8925-ABC07F233B16}
		{EAF4EB97-3FD2-4454-B741-35780917E3AE} = {C15ADA74-C8F5-4558-8925-ABC07F233B16}
	EndGlobalSection
	GlobalSection(ExtensibilityGlobals) = postSolution
		SolutionGuid = {5B022EB5-A161-4197-AE5C-9759AECEB686}
	EndGlobalSection
EndGlobal
